
Microsoft Visual Studio Solution File, Format Version 12.00
# Visual Studio Version 17
VisualStudioVersion = 17.14.36511.14
MinimumVisualStudioVersion = 10.0.40219.1
Project("{2150E333-8FDC-42A3-9474-1A3956D46DE8}") = "Task0", "Task0", "{02EA681E-C7D8-13C7-8484-4AC65E1B71E8}"
EndProject
Project("{FAE04EC0-301F-11D3-BF4B-00C04F79EFBC}") = "Tyuiu.EgorovAD.Sprint1.Task0.V21", "Tyuiu.EgorovAD.Sprint1.Task0.V21\Tyuiu.EgorovAD.Sprint1.Task0.V21.csproj", "{4E6BCF4B-F75B-4BB0-B781-89AB680D542F}"
EndProject
Project("{FAE04EC0-301F-11D3-BF4B-00C04F79EFBC}") = "Tyuiu.EgorovAD.Sprint1.Task0.V21.Lib", "Tyuiu.EgorovAD.Sprint1.Task0.V21.Lib\Tyuiu.EgorovAD.Sprint1.Task0.V21.Lib.csproj", "{418260E2-C243-4A81-87BE-6DB634EB4DCA}"
EndProject
Project("{FAE04EC0-301F-11D3-BF4B-00C04F79EFBC}") = "Tyuiu.EgorovAD.Sprint1.Task0.V21.Test", "Tyuiu.EgorovAD.Sprint1.Task0.V21.Test\Tyuiu.EgorovAD.Sprint1.Task0.V21.Test.csproj", "{FF7AC4FD-9346-41FD-A2EF-0165FF1A4463}"
EndProject
Project("{2150E333-8FDC-42A3-9474-1A3956D46DE8}") = "Task1", "Task1", "{B8DF7CD8-53B5-41B1-BA02-A1E507750931}"
EndProject
Project("{FAE04EC0-301F-11D3-BF4B-00C04F79EFBC}") = "Tyuiu.EgorovAD.Sprint1.Task1.V24", "Tyuiu.EgorovAD.Sprint1.Task1.V24\Tyuiu.EgorovAD.Sprint1.Task1.V24.csproj", "{DEBEE469-1C42-49BA-BC4D-7DA7D5980B94}"
EndProject
Project("{FAE04EC0-301F-11D3-BF4B-00C04F79EFBC}") = "Tyuiu.EgorovAD.Sprint1.Task1.V24.Lib", "Tyuiu.EgorovAD.Sprint1.Task1.V24.Lib\Tyuiu.EgorovAD.Sprint1.Task1.V24.Lib.csproj", "{DE1B31E4-96A1-4256-A0CF-C5F9C7D4D296}"
EndProject
Project("{FAE04EC0-301F-11D3-BF4B-00C04F79EFBC}") = "Tyuiu.EgorovAD.Sprint1.Task1.V24.Test", "Tyuiu.EgorovAD.Sprint1.Task1.V24.Test\Tyuiu.EgorovAD.Sprint1.Task1.V24.Test.csproj", "{BADA2E80-ADC8-4AA8-9BC5-32D76FB4F0CD}"
EndProject
Project("{2150E333-8FDC-42A3-9474-1A3956D46DE8}") = "Task2", "Task2", "{F2E4A99C-2105-4C4E-8F5F-2B8C28FB69FF}"
EndProject
Project("{FAE04EC0-301F-11D3-BF4B-00C04F79EFBC}") = "Tyuiu.EgorovAD.Sprint1.Task2.V10", "Tyuiu.EgorovAD.Sprint1.Task2.V10\Tyuiu.EgorovAD.Sprint1.Task2.V10.csproj", "{24CB6C07-5ABE-4714-9E61-D379F5C6F04E}"
EndProject
Project("{FAE04EC0-301F-11D3-BF4B-00C04F79EFBC}") = "Tyuiu.EgorovAD.Sprint1.Task2.V10.Lib", "Tyuiu.EgorovAD.Sprint1.Task2.V10.Lib\Tyuiu.EgorovAD.Sprint1.Task2.V10.Lib.csproj", "{7EDD3081-1BA2-46FC-8B77-A94C85668578}"
EndProject
Project("{FAE04EC0-301F-11D3-BF4B-00C04F79EFBC}") = "Tyuiu.EgorovAD.Sprint1.Task2.V10.Test", "Tyuiu.EgorovAD.Sprint1.Task2.V10.Test\Tyuiu.EgorovAD.Sprint1.Task2.V10.Test.csproj", "{460A32F2-828A-426F-93D9-E51C5FAC9FDA}"
EndProject
Project("{2150E333-8FDC-42A3-9474-1A3956D46DE8}") = "Task3", "Task3", "{CF980196-C775-497E-AAEE-749FB498E2F7}"
EndProject
Project("{FAE04EC0-301F-11D3-BF4B-00C04F79EFBC}") = "Tyuiu.EgorovAD.Sprint1.Task3.V16", "Tyuiu.EgorovAD.Sprint1.Task3.V16\Tyuiu.EgorovAD.Sprint1.Task3.V16.csproj", "{0DBDA5B3-18A8-4525-8B2C-D4AA28A3C500}"
EndProject
Project("{FAE04EC0-301F-11D3-BF4B-00C04F79EFBC}") = "Tyuiu.EgorovAD.Sprint1.Task3.V16.Lib", "Tyuiu.EgorovAD.Sprint1.Task3.V16.Lib\Tyuiu.EgorovAD.Sprint1.Task3.V16.Lib.csproj", "{DC077F29-954F-460F-8688-2EA6A525C19F}"
EndProject
Project("{FAE04EC0-301F-11D3-BF4B-00C04F79EFBC}") = "Tyuiu.EgorovAD.Sprint1.Task3.V16.Test", "Tyuiu.EgorovAD.Sprint1.Task3.V16.Test\Tyuiu.EgorovAD.Sprint1.Task3.V16.Test.csproj", "{F855D691-1E2F-4D64-926B-97FDAF955806}"
EndProject
Project("{2150E333-8FDC-42A3-9474-1A3956D46DE8}") = "Task4", "Task4", "{95E2A538-0837-472B-90C8-B4D1CA446A8C}"
EndProject
Project("{FAE04EC0-301F-11D3-BF4B-00C04F79EFBC}") = "Tyuiu.EgorovAD.Sprint1.Task4.V17", "Tyuiu.EgorovAD.Sprint1.Task4.V17\Tyuiu.EgorovAD.Sprint1.Task4.V17.csproj", "{DC1EDAFA-8ECC-4DB7-A8A4-378C6F87F682}"
EndProject
Project("{FAE04EC0-301F-11D3-BF4B-00C04F79EFBC}") = "Tyuiu.EgorovAD.Sprint1.Task4.V17.Lib", "Tyuiu.EgorovAD.Sprint1.Task4.V17.Lib\Tyuiu.EgorovAD.Sprint1.Task4.V17.Lib.csproj", "{A3EDD774-FD33-4458-A70D-CF3AF8763B55}"
EndProject
Project("{FAE04EC0-301F-11D3-BF4B-00C04F79EFBC}") = "Tyuiu.EgorovAD.Sprint1.Task4.V17.Test", "Tyuiu.EgorovAD.Sprint1.Task4.V17.Test\Tyuiu.EgorovAD.Sprint1.Task4.V17.Test.csproj", "{CF40290B-1A62-404D-B90F-4053CD5ACA02}"
EndProject
Project("{2150E333-8FDC-42A3-9474-1A3956D46DE8}") = "Task5", "Task5", "{19DAB2C0-1E7B-450D-A37C-15DBF62A90B7}"
EndProject
Project("{FAE04EC0-301F-11D3-BF4B-00C04F79EFBC}") = "Tyuiu.EgorovAD.Sprint1.Task5.V1", "Tyuiu.EgorovAD.Sprint1.Task5.V1\Tyuiu.EgorovAD.Sprint1.Task5.V1.csproj", "{43AA340C-D992-4C62-8837-285E6EB1CC34}"
EndProject
Project("{FAE04EC0-301F-11D3-BF4B-00C04F79EFBC}") = "Tyuiu.EgorovAD.Sprint1.Task5.V1.Lib", "Tyuiu.EgorovAD.Sprint1.Task5.V1.Lib\Tyuiu.EgorovAD.Sprint1.Task5.V1.Lib.csproj", "{AD12A1B9-1860-4010-92FD-7E76F319D596}"
EndProject
Project("{FAE04EC0-301F-11D3-BF4B-00C04F79EFBC}") = "Tyuiu.EgorovAD.Sprint1.Task5.V1.Test", "Tyuiu.EgorovAD.Sprint1.Task5.V1.Test\Tyuiu.EgorovAD.Sprint1.Task5.V1.Test.csproj", "{3608D4D3-E93F-4254-A242-88DC857CBE01}"
EndProject
Project("{2150E333-8FDC-42A3-9474-1A3956D46DE8}") = "Task6", "Task6", "{EDF67AE3-EEBF-4A89-9B50-2F10F584757A}"
EndProject
Project("{FAE04EC0-301F-11D3-BF4B-00C04F79EFBC}") = "Tyuiu.EgorovAD.Sprint1.Task6.V18", "Tyuiu.EgorovAD.Sprint1.Task6.V18\Tyuiu.EgorovAD.Sprint1.Task6.V18.csproj", "{71C069E1-299C-4AA4-91EF-A3C2AE3DAF93}"
EndProject
Project("{FAE04EC0-301F-11D3-BF4B-00C04F79EFBC}") = "Tyuiu.EgorovAD.Sprint1.Task6.V18.Lib", "Tyuiu.EgorovAD.Sprint1.Task6.V18.Lib\Tyuiu.EgorovAD.Sprint1.Task6.V18.Lib.csproj", "{CB211519-7C17-4F76-9049-0E244A547655}"
EndProject
Project("{FAE04EC0-301F-11D3-BF4B-00C04F79EFBC}") = "Tyuiu.EgorovAD.Sprint1.Task6.V18.Test", "Tyuiu.EgorovAD.Sprint1.Task6.V18.Test\Tyuiu.EgorovAD.Sprint1.Task6.V18.Test.csproj", "{88D0924E-155A-42E0-B1E2-D2B9EA007755}"
EndProject
Global
	GlobalSection(SolutionConfigurationPlatforms) = preSolution
		Debug|Any CPU = Debug|Any CPU
		Release|Any CPU = Release|Any CPU
	EndGlobalSection
	GlobalSection(ProjectConfigurationPlatforms) = postSolution
		{4E6BCF4B-F75B-4BB0-B781-89AB680D542F}.Debug|Any CPU.ActiveCfg = Debug|Any CPU
		{4E6BCF4B-F75B-4BB0-B781-89AB680D542F}.Debug|Any CPU.Build.0 = Debug|Any CPU
		{4E6BCF4B-F75B-4BB0-B781-89AB680D542F}.Release|Any CPU.ActiveCfg = Release|Any CPU
		{4E6BCF4B-F75B-4BB0-B781-89AB680D542F}.Release|Any CPU.Build.0 = Release|Any CPU
		{418260E2-C243-4A81-87BE-6DB634EB4DCA}.Debug|Any CPU.ActiveCfg = Debug|Any CPU
		{418260E2-C243-4A81-87BE-6DB634EB4DCA}.Debug|Any CPU.Build.0 = Debug|Any CPU
		{418260E2-C243-4A81-87BE-6DB634EB4DCA}.Release|Any CPU.ActiveCfg = Release|Any CPU
		{418260E2-C243-4A81-87BE-6DB634EB4DCA}.Release|Any CPU.Build.0 = Release|Any CPU
		{FF7AC4FD-9346-41FD-A2EF-0165FF1A4463}.Debug|Any CPU.ActiveCfg = Debug|Any CPU
		{FF7AC4FD-9346-41FD-A2EF-0165FF1A4463}.Debug|Any CPU.Build.0 = Debug|Any CPU
		{FF7AC4FD-9346-41FD-A2EF-0165FF1A4463}.Release|Any CPU.ActiveCfg = Release|Any CPU
		{FF7AC4FD-9346-41FD-A2EF-0165FF1A4463}.Release|Any CPU.Build.0 = Release|Any CPU
		{DEBEE469-1C42-49BA-BC4D-7DA7D5980B94}.Debug|Any CPU.ActiveCfg = Debug|Any CPU
		{DEBEE469-1C42-49BA-BC4D-7DA7D5980B94}.Debug|Any CPU.Build.0 = Debug|Any CPU
		{DEBEE469-1C42-49BA-BC4D-7DA7D5980B94}.Release|Any CPU.ActiveCfg = Release|Any CPU
		{DEBEE469-1C42-49BA-BC4D-7DA7D5980B94}.Release|Any CPU.Build.0 = Release|Any CPU
		{DE1B31E4-96A1-4256-A0CF-C5F9C7D4D296}.Debug|Any CPU.ActiveCfg = Debug|Any CPU
		{DE1B31E4-96A1-4256-A0CF-C5F9C7D4D296}.Debug|Any CPU.Build.0 = Debug|Any CPU
		{DE1B31E4-96A1-4256-A0CF-C5F9C7D4D296}.Release|Any CPU.ActiveCfg = Release|Any CPU
		{DE1B31E4-96A1-4256-A0CF-C5F9C7D4D296}.Release|Any CPU.Build.0 = Release|Any CPU
		{BADA2E80-ADC8-4AA8-9BC5-32D76FB4F0CD}.Debug|Any CPU.ActiveCfg = Debug|Any CPU
		{BADA2E80-ADC8-4AA8-9BC5-32D76FB4F0CD}.Debug|Any CPU.Build.0 = Debug|Any CPU
		{BADA2E80-ADC8-4AA8-9BC5-32D76FB4F0CD}.Release|Any CPU.ActiveCfg = Release|Any CPU
		{BADA2E80-ADC8-4AA8-9BC5-32D76FB4F0CD}.Release|Any CPU.Build.0 = Release|Any CPU
		{24CB6C07-5ABE-4714-9E61-D379F5C6F04E}.Debug|Any CPU.ActiveCfg = Debug|Any CPU
		{24CB6C07-5ABE-4714-9E61-D379F5C6F04E}.Debug|Any CPU.Build.0 = Debug|Any CPU
		{24CB6C07-5ABE-4714-9E61-D379F5C6F04E}.Release|Any CPU.ActiveCfg = Release|Any CPU
		{24CB6C07-5ABE-4714-9E61-D379F5C6F04E}.Release|Any CPU.Build.0 = Release|Any CPU
		{7EDD3081-1BA2-46FC-8B77-A94C85668578}.Debug|Any CPU.ActiveCfg = Debug|Any CPU
		{7EDD3081-1BA2-46FC-8B77-A94C85668578}.Debug|Any CPU.Build.0 = Debug|Any CPU
		{7EDD3081-1BA2-46FC-8B77-A94C85668578}.Release|Any CPU.ActiveCfg = Release|Any CPU
		{7EDD3081-1BA2-46FC-8B77-A94C85668578}.Release|Any CPU.Build.0 = Release|Any CPU
		{460A32F2-828A-426F-93D9-E51C5FAC9FDA}.Debug|Any CPU.ActiveCfg = Debug|Any CPU
		{460A32F2-828A-426F-93D9-E51C5FAC9FDA}.Debug|Any CPU.Build.0 = Debug|Any CPU
		{460A32F2-828A-426F-93D9-E51C5FAC9FDA}.Release|Any CPU.ActiveCfg = Release|Any CPU
		{460A32F2-828A-426F-93D9-E51C5FAC9FDA}.Release|Any CPU.Build.0 = Release|Any CPU
		{0DBDA5B3-18A8-4525-8B2C-D4AA28A3C500}.Debug|Any CPU.ActiveCfg = Debug|Any CPU
		{0DBDA5B3-18A8-4525-8B2C-D4AA28A3C500}.Debug|Any CPU.Build.0 = Debug|Any CPU
		{0DBDA5B3-18A8-4525-8B2C-D4AA28A3C500}.Release|Any CPU.ActiveCfg = Release|Any CPU
		{0DBDA5B3-18A8-4525-8B2C-D4AA28A3C500}.Release|Any CPU.Build.0 = Release|Any CPU
		{DC077F29-954F-460F-8688-2EA6A525C19F}.Debug|Any CPU.ActiveCfg = Debug|Any CPU
		{DC077F29-954F-460F-8688-2EA6A525C19F}.Debug|Any CPU.Build.0 = Debug|Any CPU
		{DC077F29-954F-460F-8688-2EA6A525C19F}.Release|Any CPU.ActiveCfg = Release|Any CPU
		{DC077F29-954F-460F-8688-2EA6A525C19F}.Release|Any CPU.Build.0 = Release|Any CPU
		{F855D691-1E2F-4D64-926B-97FDAF955806}.Debug|Any CPU.ActiveCfg = Debug|Any CPU
		{F855D691-1E2F-4D64-926B-97FDAF955806}.Debug|Any CPU.Build.0 = Debug|Any CPU
		{F855D691-1E2F-4D64-926B-97FDAF955806}.Release|Any CPU.ActiveCfg = Release|Any CPU
		{F855D691-1E2F-4D64-926B-97FDAF955806}.Release|Any CPU.Build.0 = Release|Any CPU
		{DC1EDAFA-8ECC-4DB7-A8A4-378C6F87F682}.Debug|Any CPU.ActiveCfg = Debug|Any CPU
		{DC1EDAFA-8ECC-4DB7-A8A4-378C6F87F682}.Debug|Any CPU.Build.0 = Debug|Any CPU
		{DC1EDAFA-8ECC-4DB7-A8A4-378C6F87F682}.Release|Any CPU.ActiveCfg = Release|Any CPU
		{DC1EDAFA-8ECC-4DB7-A8A4-378C6F87F682}.Release|Any CPU.Build.0 = Release|Any CPU
		{A3EDD774-FD33-4458-A70D-CF3AF8763B55}.Debug|Any CPU.ActiveCfg = Debug|Any CPU
		{A3EDD774-FD33-4458-A70D-CF3AF8763B55}.Debug|Any CPU.Build.0 = Debug|Any CPU
		{A3EDD774-FD33-4458-A70D-CF3AF8763B55}.Release|Any CPU.ActiveCfg = Release|Any CPU
		{A3EDD774-FD33-4458-A70D-CF3AF8763B55}.Release|Any CPU.Build.0 = Release|Any CPU
		{CF40290B-1A62-404D-B90F-4053CD5ACA02}.Debug|Any CPU.ActiveCfg = Debug|Any CPU
		{CF40290B-1A62-404D-B90F-4053CD5ACA02}.Debug|Any CPU.Build.0 = Debug|Any CPU
		{CF40290B-1A62-404D-B90F-4053CD5ACA02}.Release|Any CPU.ActiveCfg = Release|Any CPU
		{CF40290B-1A62-404D-B90F-4053CD5ACA02}.Release|Any CPU.Build.0 = Release|Any CPU
		{43AA340C-D992-4C62-8837-285E6EB1CC34}.Debug|Any CPU.ActiveCfg = Debug|Any CPU
		{43AA340C-D992-4C62-8837-285E6EB1CC34}.Debug|Any CPU.Build.0 = Debug|Any CPU
		{43AA340C-D992-4C62-8837-285E6EB1CC34}.Release|Any CPU.ActiveCfg = Release|Any CPU
		{43AA340C-D992-4C62-8837-285E6EB1CC34}.Release|Any CPU.Build.0 = Release|Any CPU
		{AD12A1B9-1860-4010-92FD-7E76F319D596}.Debug|Any CPU.ActiveCfg = Debug|Any CPU
		{AD12A1B9-1860-4010-92FD-7E76F319D596}.Debug|Any CPU.Build.0 = Debug|Any CPU
		{AD12A1B9-1860-4010-92FD-7E76F319D596}.Release|Any CPU.ActiveCfg = Release|Any CPU
		{AD12A1B9-1860-4010-92FD-7E76F319D596}.Release|Any CPU.Build.0 = Release|Any CPU
		{3608D4D3-E93F-4254-A242-88DC857CBE01}.Debug|Any CPU.ActiveCfg = Debug|Any CPU
		{3608D4D3-E93F-4254-A242-88DC857CBE01}.Debug|Any CPU.Build.0 = Debug|Any CPU
		{3608D4D3-E93F-4254-A242-88DC857CBE01}.Release|Any CPU.ActiveCfg = Release|Any CPU
		{3608D4D3-E93F-4254-A242-88DC857CBE01}.Release|Any CPU.Build.0 = Release|Any CPU
		{71C069E1-299C-4AA4-91EF-A3C2AE3DAF93}.Debug|Any CPU.ActiveCfg = Debug|Any CPU
		{71C069E1-299C-4AA4-91EF-A3C2AE3DAF93}.Debug|Any CPU.Build.0 = Debug|Any CPU
		{71C069E1-299C-4AA4-91EF-A3C2AE3DAF93}.Release|Any CPU.ActiveCfg = Release|Any CPU
		{71C069E1-299C-4AA4-91EF-A3C2AE3DAF93}.Release|Any CPU.Build.0 = Release|Any CPU
		{CB211519-7C17-4F76-9049-0E244A547655}.Debug|Any CPU.ActiveCfg = Debug|Any CPU
		{CB211519-7C17-4F76-9049-0E244A547655}.Debug|Any CPU.Build.0 = Debug|Any CPU
		{CB211519-7C17-4F76-9049-0E244A547655}.Release|Any CPU.ActiveCfg = Release|Any CPU
		{CB211519-7C17-4F76-9049-0E244A547655}.Release|Any CPU.Build.0 = Release|Any CPU
		{88D0924E-155A-42E0-B1E2-D2B9EA007755}.Debug|Any CPU.ActiveCfg = Debug|Any CPU
		{88D0924E-155A-42E0-B1E2-D2B9EA007755}.Debug|Any CPU.Build.0 = Debug|Any CPU
		{88D0924E-155A-42E0-B1E2-D2B9EA007755}.Release|Any CPU.ActiveCfg = Release|Any CPU
		{88D0924E-155A-42E0-B1E2-D2B9EA007755}.Release|Any CPU.Build.0 = Release|Any CPU
	EndGlobalSection
	GlobalSection(SolutionProperties) = preSolution
		HideSolutionNode = FALSE
	EndGlobalSection
	GlobalSection(NestedProjects) = preSolution
		{4E6BCF4B-F75B-4BB0-B781-89AB680D542F} = {02EA681E-C7D8-13C7-8484-4AC65E1B71E8}
		{418260E2-C243-4A81-87BE-6DB634EB4DCA} = {02EA681E-C7D8-13C7-8484-4AC65E1B71E8}
		{FF7AC4FD-9346-41FD-A2EF-0165FF1A4463} = {02EA681E-C7D8-13C7-8484-4AC65E1B71E8}
		{DEBEE469-1C42-49BA-BC4D-7DA7D5980B94} = {B8DF7CD8-53B5-41B1-BA02-A1E507750931}
		{DE1B31E4-96A1-4256-A0CF-C5F9C7D4D296} = {B8DF7CD8-53B5-41B1-BA02-A1E507750931}
		{BADA2E80-ADC8-4AA8-9BC5-32D76FB4F0CD} = {B8DF7CD8-53B5-41B1-BA02-A1E507750931}
		{24CB6C07-5ABE-4714-9E61-D379F5C6F04E} = {F2E4A99C-2105-4C4E-8F5F-2B8C28FB69FF}
		{7EDD3081-1BA2-46FC-8B77-A94C85668578} = {F2E4A99C-2105-4C4E-8F5F-2B8C28FB69FF}
		{460A32F2-828A-426F-93D9-E51C5FAC9FDA} = {F2E4A99C-2105-4C4E-8F5F-2B8C28FB69FF}
		{0DBDA5B3-18A8-4525-8B2C-D4AA28A3C500} = {CF980196-C775-497E-AAEE-749FB498E2F7}
		{DC077F29-954F-460F-8688-2EA6A525C19F} = {CF980196-C775-497E-AAEE-749FB498E2F7}
		{F855D691-1E2F-4D64-926B-97FDAF955806} = {CF980196-C775-497E-AAEE-749FB498E2F7}
		{DC1EDAFA-8ECC-4DB7-A8A4-378C6F87F682} = {95E2A538-0837-472B-90C8-B4D1CA446A8C}
		{A3EDD774-FD33-4458-A70D-CF3AF8763B55} = {95E2A538-0837-472B-90C8-B4D1CA446A8C}
		{CF40290B-1A62-404D-B90F-4053CD5ACA02} = {95E2A538-0837-472B-90C8-B4D1CA446A8C}
		{43AA340C-D992-4C62-8837-285E6EB1CC34} = {19DAB2C0-1E7B-450D-A37C-15DBF62A90B7}
		{AD12A1B9-1860-4010-92FD-7E76F319D596} = {19DAB2C0-1E7B-450D-A37C-15DBF62A90B7}
		{3608D4D3-E93F-4254-A242-88DC857CBE01} = {19DAB2C0-1E7B-450D-A37C-15DBF62A90B7}
		{71C069E1-299C-4AA4-91EF-A3C2AE3DAF93} = {EDF67AE3-EEBF-4A89-9B50-2F10F584757A}
		{CB211519-7C17-4F76-9049-0E244A547655} = {EDF67AE3-EEBF-4A89-9B50-2F10F584757A}
		{88D0924E-155A-42E0-B1E2-D2B9EA007755} = {EDF67AE3-EEBF-4A89-9B50-2F10F584757A}
	EndGlobalSection
	GlobalSection(ExtensibilityGlobals) = postSolution
		SolutionGuid = {6E53EAE2-268B-492C-8671-881FDBD7A2B9}
	EndGlobalSection
EndGlobal
